
Microsoft Visual Studio Solution File, Format Version 12.00
# Visual Studio 15
VisualStudioVersion = 15.0.28307.705
MinimumVisualStudioVersion = 10.0.40219.1
Project("{FAE04EC0-301F-11D3-BF4B-00C04F79EFBC}") = "FirstSerie", "FirstSerie\FirstSerie.csproj", "{7305DC58-8804-47C3-938B-C99682C0096D}"
EndProject
Global
	GlobalSection(SolutionConfigurationPlatforms) = preSolution
		Debug|Any CPU = Debug|Any CPU
		Release|Any CPU = Release|Any CPU
	EndGlobalSection
	GlobalSection(ProjectConfigurationPlatforms) = postSolution
		{7305DC58-8804-47C3-938B-C99682C0096D}.Debug|Any CPU.ActiveCfg = Debug|Any CPU
		{7305DC58-8804-47C3-938B-C99682C0096D}.Debug|Any CPU.Build.0 = Debug|Any CPU
		{7305DC58-8804-47C3-938B-C99682C0096D}.Release|Any CPU.ActiveCfg = Release|Any CPU
		{7305DC58-8804-47C3-938B-C99682C0096D}.Release|Any CPU.Build.0 = Release|Any CPU
	EndGlobalSection
	GlobalSection(SolutionProperties) = preSolution
		HideSolutionNode = FALSE
	EndGlobalSection
	GlobalSection(ExtensibilityGlobals) = postSolution
		SolutionGuid = {981F1A00-314A-43B8-95F1-5521C59F67CE}
	EndGlobalSection
EndGlobal
